
Microsoft Visual Studio Solution File, Format Version 12.00
# Visual Studio Version 16
VisualStudioVersion = 16.0.30225.117
MinimumVisualStudioVersion = 10.0.40219.1
Project("{2150E333-8FDC-42A3-9474-1A3956D46DE8}") = "CH2", "CH2", "{F43DBD18-9C5B-4CAC-8E72-8F1B6724F883}"
EndProject
Project("{9A19103F-16F7-4668-BE54-9A1E7A4F7556}") = "CH2.LogAn", "CH2\LogAn\CH2.LogAn.csproj", "{D3A649E9-171D-4F91-972D-A616F383A91B}"
EndProject
Project("{9A19103F-16F7-4668-BE54-9A1E7A4F7556}") = "CH2.LogAn.UnitTests", "CH2\LogAn.UnitTests\CH2.LogAn.UnitTests.csproj", "{CEEB5632-29FA-4463-A279-F2134252A575}"
EndProject
Project("{9A19103F-16F7-4668-BE54-9A1E7A4F7556}") = "MemCalculator", "CH2\MemCalculator\MemCalculator.csproj", "{5CB65648-68A8-4C0F-A4A9-708CDCACC360}"
EndProject
Project("{9A19103F-16F7-4668-BE54-9A1E7A4F7556}") = "MemCalculator.UnitTests", "CH2\MemCalculator.UnitTests\MemCalculator.UnitTests.csproj", "{8CE02566-24D2-4EB7-B3B4-9E66915AD44F}"
EndProject
Project("{2150E333-8FDC-42A3-9474-1A3956D46DE8}") = "CH3", "CH3", "{47A367F4-3647-4056-A114-7D9902807539}"
EndProject
Project("{9A19103F-16F7-4668-BE54-9A1E7A4F7556}") = "CH3.LogAn", "CH3\CH3.LogAn\CH3.LogAn.csproj", "{FBA92383-8131-4420-967E-70DBED7CAFFA}"
EndProject
Project("{9A19103F-16F7-4668-BE54-9A1E7A4F7556}") = "CH3.LogAn.UnitTests", "CH3\CH3.LogAn.UnitTests\CH3.LogAn.UnitTests.csproj", "{1162EBBB-E488-461A-9818-9062F5427E48}"
EndProject
Project("{2150E333-8FDC-42A3-9474-1A3956D46DE8}") = "CH3.4.6", "CH3.4.6", "{7BACBC02-C7D8-486A-9820-2F475CBB4FBE}"
EndProject
Project("{9A19103F-16F7-4668-BE54-9A1E7A4F7556}") = "CH3.4.6.LogAn", "CH3\CH3.4.6\CH3.4.6.LogAn\CH3.4.6.LogAn.csproj", "{7FA87857-B117-438C-90F8-D50313BC35CA}"
EndProject
Project("{9A19103F-16F7-4668-BE54-9A1E7A4F7556}") = "CH3.4.6.LogAn.UnitTest", "CH3\CH3.4.6\CH3.4.6.LogAn.UnitTest\CH3.4.6.LogAn.UnitTest.csproj", "{A9BFFBC8-7967-4202-97E5-D2278ABC2D41}"
EndProject
Project("{2150E333-8FDC-42A3-9474-1A3956D46DE8}") = "CH3.4.1", "CH3.4.1", "{7B3618CF-C4B1-4998-A5F2-5B0ED306A19A}"
EndProject
Project("{9A19103F-16F7-4668-BE54-9A1E7A4F7556}") = "CH3.4.1.LogAn", "CH3\CH3.4.1\CH3.4.1.LogAn\CH3.4.1.LogAn.csproj", "{0950EBDC-24C4-4C95-9C17-51B4268A5F18}"
EndProject
Project("{9A19103F-16F7-4668-BE54-9A1E7A4F7556}") = "CH3.4.1.LogAn.UnitTests", "CH3\CH3.4.1\CH3.4.1.LogAn.UnitTests\CH3.4.1.LogAn.UnitTests.csproj", "{AA283B8F-F7EA-4C02-A030-9D798C39E940}"
EndProject
Project("{2150E333-8FDC-42A3-9474-1A3956D46DE8}") = "CH3.4.3", "CH3.4.3", "{5E8BB3F6-B3FD-4F4C-8CBA-76E3552CC68B}"
EndProject
Project("{9A19103F-16F7-4668-BE54-9A1E7A4F7556}") = "CH3.4.3.LogAn", "CH3\CH3.4.3\CH3.4.3.LogAn\CH3.4.3.LogAn.csproj", "{E8320F7F-2B8D-49C3-9173-62642BDF094D}"
EndProject
Project("{9A19103F-16F7-4668-BE54-9A1E7A4F7556}") = "CH3.4.3.LogAn.UnitTests", "CH3\CH3.4.3\CH3.4.3.LogAn.UnitTests\CH3.4.3.LogAn.UnitTests.csproj", "{964B4FD3-D8D5-4009-8818-CB0682A8A44A}"
EndProject
Project("{2150E333-8FDC-42A3-9474-1A3956D46DE8}") = "CH3.4.4", "CH3.4.4", "{01E61760-A735-4495-AE15-043E2AF91A25}"
EndProject
Project("{9A19103F-16F7-4668-BE54-9A1E7A4F7556}") = "CH3.4.4.LogAn", "CH3\CH3.4.4\CH3.4.4.LogAn\CH3.4.4.LogAn.csproj", "{FF2812BF-7908-408E-9613-26C9A4B2F206}"
EndProject
Project("{9A19103F-16F7-4668-BE54-9A1E7A4F7556}") = "CH3.4.4.LogAn.UnitTests", "CH3\CH3.4.4\CH3.4.4.LogAn.UnitTests\CH3.4.4.LogAn.UnitTests.csproj", "{6D102265-753D-4897-9F4D-AADC9F49FA27}"
EndProject
Project("{2150E333-8FDC-42A3-9474-1A3956D46DE8}") = "CH3.4.5", "CH3.4.5", "{9B6E9FD9-7218-466F-B64E-07F4BE05EA84}"
EndProject
Project("{9A19103F-16F7-4668-BE54-9A1E7A4F7556}") = "CH3.4.5.LogAn", "CH3\CH3.4.5\CH3.4.5.LogAn\CH3.4.5.LogAn.csproj", "{9B0E9F7E-5A8B-453A-B063-F2353DCD8C63}"
EndProject
Global
	GlobalSection(SolutionConfigurationPlatforms) = preSolution
		Debug|Any CPU = Debug|Any CPU
		Release|Any CPU = Release|Any CPU
	EndGlobalSection
	GlobalSection(ProjectConfigurationPlatforms) = postSolution
		{D3A649E9-171D-4F91-972D-A616F383A91B}.Debug|Any CPU.ActiveCfg = Debug|Any CPU
		{D3A649E9-171D-4F91-972D-A616F383A91B}.Debug|Any CPU.Build.0 = Debug|Any CPU
		{D3A649E9-171D-4F91-972D-A616F383A91B}.Release|Any CPU.ActiveCfg = Release|Any CPU
		{D3A649E9-171D-4F91-972D-A616F383A91B}.Release|Any CPU.Build.0 = Release|Any CPU
		{CEEB5632-29FA-4463-A279-F2134252A575}.Debug|Any CPU.ActiveCfg = Debug|Any CPU
		{CEEB5632-29FA-4463-A279-F2134252A575}.Debug|Any CPU.Build.0 = Debug|Any CPU
		{CEEB5632-29FA-4463-A279-F2134252A575}.Release|Any CPU.ActiveCfg = Release|Any CPU
		{CEEB5632-29FA-4463-A279-F2134252A575}.Release|Any CPU.Build.0 = Release|Any CPU
		{5CB65648-68A8-4C0F-A4A9-708CDCACC360}.Debug|Any CPU.ActiveCfg = Debug|Any CPU
		{5CB65648-68A8-4C0F-A4A9-708CDCACC360}.Debug|Any CPU.Build.0 = Debug|Any CPU
		{5CB65648-68A8-4C0F-A4A9-708CDCACC360}.Release|Any CPU.ActiveCfg = Release|Any CPU
		{5CB65648-68A8-4C0F-A4A9-708CDCACC360}.Release|Any CPU.Build.0 = Release|Any CPU
		{8CE02566-24D2-4EB7-B3B4-9E66915AD44F}.Debug|Any CPU.ActiveCfg = Debug|Any CPU
		{8CE02566-24D2-4EB7-B3B4-9E66915AD44F}.Debug|Any CPU.Build.0 = Debug|Any CPU
		{8CE02566-24D2-4EB7-B3B4-9E66915AD44F}.Release|Any CPU.ActiveCfg = Release|Any CPU
		{8CE02566-24D2-4EB7-B3B4-9E66915AD44F}.Release|Any CPU.Build.0 = Release|Any CPU
		{FBA92383-8131-4420-967E-70DBED7CAFFA}.Debug|Any CPU.ActiveCfg = Debug|Any CPU
		{FBA92383-8131-4420-967E-70DBED7CAFFA}.Debug|Any CPU.Build.0 = Debug|Any CPU
		{FBA92383-8131-4420-967E-70DBED7CAFFA}.Release|Any CPU.ActiveCfg = Release|Any CPU
		{FBA92383-8131-4420-967E-70DBED7CAFFA}.Release|Any CPU.Build.0 = Release|Any CPU
		{1162EBBB-E488-461A-9818-9062F5427E48}.Debug|Any CPU.ActiveCfg = Debug|Any CPU
		{1162EBBB-E488-461A-9818-9062F5427E48}.Debug|Any CPU.Build.0 = Debug|Any CPU
		{1162EBBB-E488-461A-9818-9062F5427E48}.Release|Any CPU.ActiveCfg = Release|Any CPU
		{1162EBBB-E488-461A-9818-9062F5427E48}.Release|Any CPU.Build.0 = Release|Any CPU
		{7FA87857-B117-438C-90F8-D50313BC35CA}.Debug|Any CPU.ActiveCfg = Debug|Any CPU
		{7FA87857-B117-438C-90F8-D50313BC35CA}.Debug|Any CPU.Build.0 = Debug|Any CPU
		{7FA87857-B117-438C-90F8-D50313BC35CA}.Release|Any CPU.ActiveCfg = Release|Any CPU
		{7FA87857-B117-438C-90F8-D50313BC35CA}.Release|Any CPU.Build.0 = Release|Any CPU
		{A9BFFBC8-7967-4202-97E5-D2278ABC2D41}.Debug|Any CPU.ActiveCfg = Debug|Any CPU
		{A9BFFBC8-7967-4202-97E5-D2278ABC2D41}.Debug|Any CPU.Build.0 = Debug|Any CPU
		{A9BFFBC8-7967-4202-97E5-D2278ABC2D41}.Release|Any CPU.ActiveCfg = Release|Any CPU
		{A9BFFBC8-7967-4202-97E5-D2278ABC2D41}.Release|Any CPU.Build.0 = Release|Any CPU
		{0950EBDC-24C4-4C95-9C17-51B4268A5F18}.Debug|Any CPU.ActiveCfg = Debug|Any CPU
		{0950EBDC-24C4-4C95-9C17-51B4268A5F18}.Debug|Any CPU.Build.0 = Debug|Any CPU
		{0950EBDC-24C4-4C95-9C17-51B4268A5F18}.Release|Any CPU.ActiveCfg = Release|Any CPU
		{0950EBDC-24C4-4C95-9C17-51B4268A5F18}.Release|Any CPU.Build.0 = Release|Any CPU
		{AA283B8F-F7EA-4C02-A030-9D798C39E940}.Debug|Any CPU.ActiveCfg = Debug|Any CPU
		{AA283B8F-F7EA-4C02-A030-9D798C39E940}.Debug|Any CPU.Build.0 = Debug|Any CPU
		{AA283B8F-F7EA-4C02-A030-9D798C39E940}.Release|Any CPU.ActiveCfg = Release|Any CPU
		{AA283B8F-F7EA-4C02-A030-9D798C39E940}.Release|Any CPU.Build.0 = Release|Any CPU
		{E8320F7F-2B8D-49C3-9173-62642BDF094D}.Debug|Any CPU.ActiveCfg = Debug|Any CPU
		{E8320F7F-2B8D-49C3-9173-62642BDF094D}.Debug|Any CPU.Build.0 = Debug|Any CPU
		{E8320F7F-2B8D-49C3-9173-62642BDF094D}.Release|Any CPU.ActiveCfg = Release|Any CPU
		{E8320F7F-2B8D-49C3-9173-62642BDF094D}.Release|Any CPU.Build.0 = Release|Any CPU
		{964B4FD3-D8D5-4009-8818-CB0682A8A44A}.Debug|Any CPU.ActiveCfg = Debug|Any CPU
		{964B4FD3-D8D5-4009-8818-CB0682A8A44A}.Debug|Any CPU.Build.0 = Debug|Any CPU
		{964B4FD3-D8D5-4009-8818-CB0682A8A44A}.Release|Any CPU.ActiveCfg = Release|Any CPU
		{964B4FD3-D8D5-4009-8818-CB0682A8A44A}.Release|Any CPU.Build.0 = Release|Any CPU
		{FF2812BF-7908-408E-9613-26C9A4B2F206}.Debug|Any CPU.ActiveCfg = Debug|Any CPU
		{FF2812BF-7908-408E-9613-26C9A4B2F206}.Debug|Any CPU.Build.0 = Debug|Any CPU
		{FF2812BF-7908-408E-9613-26C9A4B2F206}.Release|Any CPU.ActiveCfg = Release|Any CPU
		{FF2812BF-7908-408E-9613-26C9A4B2F206}.Release|Any CPU.Build.0 = Release|Any CPU
		{6D102265-753D-4897-9F4D-AADC9F49FA27}.Debug|Any CPU.ActiveCfg = Debug|Any CPU
		{6D102265-753D-4897-9F4D-AADC9F49FA27}.Debug|Any CPU.Build.0 = Debug|Any CPU
		{6D102265-753D-4897-9F4D-AADC9F49FA27}.Release|Any CPU.ActiveCfg = Release|Any CPU
		{6D102265-753D-4897-9F4D-AADC9F49FA27}.Release|Any CPU.Build.0 = Release|Any CPU
		{9B0E9F7E-5A8B-453A-B063-F2353DCD8C63}.Debug|Any CPU.ActiveCfg = Debug|Any CPU
		{9B0E9F7E-5A8B-453A-B063-F2353DCD8C63}.Debug|Any CPU.Build.0 = Debug|Any CPU
		{9B0E9F7E-5A8B-453A-B063-F2353DCD8C63}.Release|Any CPU.ActiveCfg = Release|Any CPU
		{9B0E9F7E-5A8B-453A-B063-F2353DCD8C63}.Release|Any CPU.Build.0 = Release|Any CPU
	EndGlobalSection
	GlobalSection(SolutionProperties) = preSolution
		HideSolutionNode = FALSE
	EndGlobalSection
	GlobalSection(NestedProjects) = preSolution
		{D3A649E9-171D-4F91-972D-A616F383A91B} = {F43DBD18-9C5B-4CAC-8E72-8F1B6724F883}
		{CEEB5632-29FA-4463-A279-F2134252A575} = {F43DBD18-9C5B-4CAC-8E72-8F1B6724F883}
		{5CB65648-68A8-4C0F-A4A9-708CDCACC360} = {F43DBD18-9C5B-4CAC-8E72-8F1B6724F883}
		{8CE02566-24D2-4EB7-B3B4-9E66915AD44F} = {F43DBD18-9C5B-4CAC-8E72-8F1B6724F883}
		{FBA92383-8131-4420-967E-70DBED7CAFFA} = {47A367F4-3647-4056-A114-7D9902807539}
		{1162EBBB-E488-461A-9818-9062F5427E48} = {47A367F4-3647-4056-A114-7D9902807539}
		{7BACBC02-C7D8-486A-9820-2F475CBB4FBE} = {47A367F4-3647-4056-A114-7D9902807539}
		{7FA87857-B117-438C-90F8-D50313BC35CA} = {7BACBC02-C7D8-486A-9820-2F475CBB4FBE}
		{A9BFFBC8-7967-4202-97E5-D2278ABC2D41} = {7BACBC02-C7D8-486A-9820-2F475CBB4FBE}
		{7B3618CF-C4B1-4998-A5F2-5B0ED306A19A} = {47A367F4-3647-4056-A114-7D9902807539}
		{0950EBDC-24C4-4C95-9C17-51B4268A5F18} = {7B3618CF-C4B1-4998-A5F2-5B0ED306A19A}
		{AA283B8F-F7EA-4C02-A030-9D798C39E940} = {7B3618CF-C4B1-4998-A5F2-5B0ED306A19A}
		{5E8BB3F6-B3FD-4F4C-8CBA-76E3552CC68B} = {47A367F4-3647-4056-A114-7D9902807539}
		{E8320F7F-2B8D-49C3-9173-62642BDF094D} = {5E8BB3F6-B3FD-4F4C-8CBA-76E3552CC68B}
		{964B4FD3-D8D5-4009-8818-CB0682A8A44A} = {5E8BB3F6-B3FD-4F4C-8CBA-76E3552CC68B}
		{01E61760-A735-4495-AE15-043E2AF91A25} = {47A367F4-3647-4056-A114-7D9902807539}
		{FF2812BF-7908-408E-9613-26C9A4B2F206} = {01E61760-A735-4495-AE15-043E2AF91A25}
		{6D102265-753D-4897-9F4D-AADC9F49FA27} = {01E61760-A735-4495-AE15-043E2AF91A25}
		{9B6E9FD9-7218-466F-B64E-07F4BE05EA84} = {47A367F4-3647-4056-A114-7D9902807539}
		{9B0E9F7E-5A8B-453A-B063-F2353DCD8C63} = {9B6E9FD9-7218-466F-B64E-07F4BE05EA84}
	EndGlobalSection
	GlobalSection(ExtensibilityGlobals) = postSolution
		SolutionGuid = {A3A402A2-FA59-4AAB-9937-7F40A02A0D69}
	EndGlobalSection
EndGlobal
